
Microsoft Visual Studio Solution File, Format Version 12.00
# Visual Studio Version 17
VisualStudioVersion = 17.14.36212.18 d17.14
MinimumVisualStudioVersion = 10.0.40219.1
Project("{FAE04EC0-301F-11D3-BF4B-00C04F79EFBC}") = "cadastroCliente", "cadastroCliente\cadastroCliente.csproj", "{847CFA1A-1B3E-479F-8134-124DAEB15A7A}"
EndProject
Global
	GlobalSection(SolutionConfigurationPlatforms) = preSolution
		Debug|Any CPU = Debug|Any CPU
		Release|Any CPU = Release|Any CPU
	EndGlobalSection
	GlobalSection(ProjectConfigurationPlatforms) = postSolution
		{847CFA1A-1B3E-479F-8134-124DAEB15A7A}.Debug|Any CPU.ActiveCfg = Debug|Any CPU
		{847CFA1A-1B3E-479F-8134-124DAEB15A7A}.Debug|Any CPU.Build.0 = Debug|Any CPU
		{847CFA1A-1B3E-479F-8134-124DAEB15A7A}.Release|Any CPU.ActiveCfg = Release|Any CPU
		{847CFA1A-1B3E-479F-8134-124DAEB15A7A}.Release|Any CPU.Build.0 = Release|Any CPU
	EndGlobalSection
	GlobalSection(SolutionProperties) = preSolution
		HideSolutionNode = FALSE
	EndGlobalSection
	GlobalSection(ExtensibilityGlobals) = postSolution
		SolutionGuid = {20C7B70D-6236-4A40-A9C5-E5BA018007D3}
	EndGlobalSection
EndGlobal
